// !$*UTF8*$!
{
	archiveVersion = 1;
	classes = {
	};
	objectVersion = 77;
	objects = {

/* Begin PBXFileReference section */
		A306A60C2D404FA400FF8E92 /* Shooop.html */ = {isa = PBXFileReference; lastKnownFileType = text.html; path = Shooop.html; sourceTree = "<group>"; };
/* End PBXFileReference section */

/* Begin PBXGroup section */
		A306A6052D404F4500FF8E92 = {
			isa = PBXGroup;
			children = (
				A306A60C2D404FA400FF8E92 /* Shooop.html */,
			);
			sourceTree = "<group>";
		};
/* End PBXGroup section */

/* Begin PBXProject section */
		A306A6062D404F4500FF8E92 /* Project object */ = {
			isa = PBXProject;
			attributes = {
				BuildIndependentTargetsInParallel = 1;
				LastUpgradeCheck = 1620;
			};
			buildConfigurationList = A306A6092D404F4500FF8E92 /* Build configuration list for PBXProject "Shooop" */;
			developmentRegion = en;
			hasScannedForEncodings = 0;
			knownRegions = (
				en,
				Base,
			);
			mainGroup = A306A6052D404F4500FF8E92;
			minimizedProjectReferenceProxies = 1;
			preferredProjectObjectVersion = 77;
			projectDirPath = "";
			projectRoot = "";
			targets = (
			);
		};
/* End PBXProject section */

/* Begin XCBuildConfiguration section */
		A306A60A2D404F4500FF8E92 /* Debug */ = {
			isa = XCBuildConfiguration;
			buildSettings = {
			};
			name = Debug;
		};
		A306A60B2D404F4500FF8E92 /* Release */ = {
			isa = XCBuildConfiguration;
			buildSettings = {
			};
			name = Release;
		};
/* End XCBuildConfiguration section */

/* Begin XCConfigurationList section */
		A306A6092D404F4500FF8E92 /* Build configuration list for PBXProject "Shooop" */ = {
			isa = XCConfigurationList;
			buildConfigurations = (
				A306A60A2D404F4500FF8E92 /* Debug */,
				A306A60B2D404F4500FF8E92 /* Release */,
			);
			defaultConfigurationIsVisible = 0;
			defaultConfigurationName = Release;
		};
/* End XCConfigurationList section */
	};
	rootObject = A306A6062D404F4500FF8E92 /* Project object */;
}
